# This file is autogenerated, do not edit; changes may be undone by the next 'dep ensure'.


[[projects]]
  name = "github.com/BurntSushi/toml"
  packages = ["."]
  revision = "b26d9c308763d68093482582cea63d69be07a0f0"
  version = "v0.3.0"

[[projects]]
  branch = "master"
  name = "github.com/orcaman/concurrent-map"
  packages = ["."]
  revision = "2ae17bc4c860c83513ee50feb9746f3e50d7515d"

[[projects]]
  branch = "v2"
  name = "gopkg.in/sorcix/irc.v2"
  packages = [".","internal"]
  revision = "f43cef0f500f6de3fcd1e976fd87610a9e970dbc"

[solve-meta]
  analyzer-name = "dep"
  analyzer-version = 1
  inputs-digest = "204144074458006bd79f81651581e678f9dfc09468db8c9faa41833302e67213"
  solver-name = "gps-cdcl"
  solver-version = 1
